
Microsoft Visual Studio Solution File, Format Version 12.00
# Visual Studio Version 16
VisualStudioVersion = 16.0.30002.166
MinimumVisualStudioVersion = 10.0.40219.1
Project("{FAE04EC0-301F-11D3-BF4B-00C04F79EFBC}") = "AppSettingsDeletePublish", "AppSettingsDeletePublish\AppSettingsDeletePublish.csproj", "{D988B0DB-DAD2-4308-BAA1-6D1C89A074DB}"
EndProject
Global
	GlobalSection(SolutionConfigurationPlatforms) = preSolution
		Debug|Any CPU = Debug|Any CPU
		Release|Any CPU = Release|Any CPU
	EndGlobalSection
	GlobalSection(ProjectConfigurationPlatforms) = postSolution
		{D988B0DB-DAD2-4308-BAA1-6D1C89A074DB}.Debug|Any CPU.ActiveCfg = Debug|Any CPU
		{D988B0DB-DAD2-4308-BAA1-6D1C89A074DB}.Debug|Any CPU.Build.0 = Debug|Any CPU
		{D988B0DB-DAD2-4308-BAA1-6D1C89A074DB}.Release|Any CPU.ActiveCfg = Release|Any CPU
		{D988B0DB-DAD2-4308-BAA1-6D1C89A074DB}.Release|Any CPU.Build.0 = Release|Any CPU
	EndGlobalSection
	GlobalSection(SolutionProperties) = preSolution
		HideSolutionNode = FALSE
	EndGlobalSection
	GlobalSection(ExtensibilityGlobals) = postSolution
		SolutionGuid = {82F70D3F-4FB0-4070-B314-14011AC452F1}
	EndGlobalSection
EndGlobal
